
Microsoft Visual Studio Solution File, Format Version 12.00
# Visual Studio Version 17
VisualStudioVersion = 17.2.32630.192
MinimumVisualStudioVersion = 10.0.40219.1
Project("{FAE04EC0-301F-11D3-BF4B-00C04F79EFBC}") = "ProducerConsumer", "ProducerConsumer\ProducerConsumer.csproj", "{73E40217-C137-479C-BE87-1BAF3B11FDD9}"
EndProject
Global
	GlobalSection(SolutionConfigurationPlatforms) = preSolution
		Debug|Any CPU = Debug|Any CPU
		Release|Any CPU = Release|Any CPU
	EndGlobalSection
	GlobalSection(ProjectConfigurationPlatforms) = postSolution
		{73E40217-C137-479C-BE87-1BAF3B11FDD9}.Debug|Any CPU.ActiveCfg = Debug|Any CPU
		{73E40217-C137-479C-BE87-1BAF3B11FDD9}.Debug|Any CPU.Build.0 = Debug|Any CPU
		{73E40217-C137-479C-BE87-1BAF3B11FDD9}.Release|Any CPU.ActiveCfg = Release|Any CPU
		{73E40217-C137-479C-BE87-1BAF3B11FDD9}.Release|Any CPU.Build.0 = Release|Any CPU
	EndGlobalSection
	GlobalSection(SolutionProperties) = preSolution
		HideSolutionNode = FALSE
	EndGlobalSection
	GlobalSection(ExtensibilityGlobals) = postSolution
		SolutionGuid = {2857C5B6-1494-4F09-A8DB-027CF65C2DCB}
	EndGlobalSection
EndGlobal
